
Microsoft Visual Studio Solution File, Format Version 12.00
# Visual Studio Express 2012 for Windows Desktop
Project("{FAE04EC0-301F-11D3-BF4B-00C04F79EFBC}") = "MapChipCreator", "MapChipCreator.csproj", "{6D503007-BD47-417A-B481-BA7E70200500}"
	ProjectSection(ProjectDependencies) = postProject
		{848E4D70-8D89-4249-A6C1-62EDF595DC5B} = {848E4D70-8D89-4249-A6C1-62EDF595DC5B}
	EndProjectSection
EndProject
Project("{FAE04EC0-301F-11D3-BF4B-00C04F79EFBC}") = "KaLibCs", "..\KaLibCs\KaLibCs\KaLibCs.csproj", "{5EA1849F-44BC-4B0B-9CC8-8C90273566DA}"
EndProject
Project("{FAE04EC0-301F-11D3-BF4B-00C04F79EFBC}") = "KaLibCsWithWinForm", "..\KaLibCs\KaLibCsWithWinForm\KaLibCsWithWinForm.csproj", "{848E4D70-8D89-4249-A6C1-62EDF595DC5B}"
EndProject
Project("{FAE04EC0-301F-11D3-BF4B-00C04F79EFBC}") = "KaLibCsForGame", "..\KaLibCs\KaLibCsForGame\KaLibCsForGame.csproj", "{53CE333B-87A1-40EB-99E9-11336039C3E2}"
EndProject
Global
	GlobalSection(SolutionConfigurationPlatforms) = preSolution
		Debug|Any CPU = Debug|Any CPU
		Release|Any CPU = Release|Any CPU
	EndGlobalSection
	GlobalSection(ProjectConfigurationPlatforms) = postSolution
		{6D503007-BD47-417A-B481-BA7E70200500}.Debug|Any CPU.ActiveCfg = Debug|Any CPU
		{6D503007-BD47-417A-B481-BA7E70200500}.Debug|Any CPU.Build.0 = Debug|Any CPU
		{6D503007-BD47-417A-B481-BA7E70200500}.Release|Any CPU.ActiveCfg = Release|Any CPU
		{6D503007-BD47-417A-B481-BA7E70200500}.Release|Any CPU.Build.0 = Release|Any CPU
		{5EA1849F-44BC-4B0B-9CC8-8C90273566DA}.Debug|Any CPU.ActiveCfg = Debug|Any CPU
		{5EA1849F-44BC-4B0B-9CC8-8C90273566DA}.Debug|Any CPU.Build.0 = Debug|Any CPU
		{5EA1849F-44BC-4B0B-9CC8-8C90273566DA}.Release|Any CPU.ActiveCfg = Release|Any CPU
		{5EA1849F-44BC-4B0B-9CC8-8C90273566DA}.Release|Any CPU.Build.0 = Release|Any CPU
		{848E4D70-8D89-4249-A6C1-62EDF595DC5B}.Debug|Any CPU.ActiveCfg = Debug|Any CPU
		{848E4D70-8D89-4249-A6C1-62EDF595DC5B}.Debug|Any CPU.Build.0 = Debug|Any CPU
		{848E4D70-8D89-4249-A6C1-62EDF595DC5B}.Release|Any CPU.ActiveCfg = Release|Any CPU
		{848E4D70-8D89-4249-A6C1-62EDF595DC5B}.Release|Any CPU.Build.0 = Release|Any CPU
		{53CE333B-87A1-40EB-99E9-11336039C3E2}.Debug|Any CPU.ActiveCfg = Debug|Any CPU
		{53CE333B-87A1-40EB-99E9-11336039C3E2}.Debug|Any CPU.Build.0 = Debug|Any CPU
		{53CE333B-87A1-40EB-99E9-11336039C3E2}.Release|Any CPU.ActiveCfg = Release|Any CPU
		{53CE333B-87A1-40EB-99E9-11336039C3E2}.Release|Any CPU.Build.0 = Release|Any CPU
	EndGlobalSection
	GlobalSection(SolutionProperties) = preSolution
		HideSolutionNode = FALSE
	EndGlobalSection
EndGlobal
